
Microsoft Visual Studio Solution File, Format Version 12.00
# Visual Studio 2015
Project("{FAE04EC0-301F-11D3-BF4B-00C04F79EFBC}") = "Progetto03 Scuola", "Progetto03 Scuola.csproj", "{0A3F8B53-2C82-9B42-5463-FA5A16016FEB}"
EndProject
Global
	GlobalSection(SolutionConfigurationPlatforms) = preSolution
		Debug|Any CPU = Debug|Any CPU
		Release|Any CPU = Release|Any CPU
	EndGlobalSection
	GlobalSection(ProjectConfigurationPlatforms) = postSolution
		{0A3F8B53-2C82-9B42-5463-FA5A16016FEB}.Debug|Any CPU.ActiveCfg = Debug|Any CPU
		{0A3F8B53-2C82-9B42-5463-FA5A16016FEB}.Debug|Any CPU.Build.0 = Debug|Any CPU
		{0A3F8B53-2C82-9B42-5463-FA5A16016FEB}.Release|Any CPU.ActiveCfg = Release|Any CPU
		{0A3F8B53-2C82-9B42-5463-FA5A16016FEB}.Release|Any CPU.Build.0 = Release|Any CPU
	EndGlobalSection
	GlobalSection(SolutionProperties) = preSolution
		HideSolutionNode = FALSE
	EndGlobalSection
EndGlobal
